{
  "nodes": {
    "home-manager": {
      "inputs": {
        "nixpkgs": [
          "nixpkgs"
        ]
      },
      "locked": {
        "lastModified": 1778503501,
        "narHash": "sha256-08L/X4/do7nET4rzidJ76eV/1r+mB7DchVpdPypsghc=",
        "owner": "nix-community",
        "repo": "home-manager",
        "rev": "85ba629c79449badf4338117c27f0ee92b4b9f1a",
        "type": "github"
      },
      "original": {
        "owner": "nix-community",
        "repo": "home-manager",
        "type": "github"
      }
    },
    "kimi-code": {
      "inputs": {
        "nixpkgs": [
          "nixpkgs"
        ]
      },
      "locked": {
        "lastModified": 1780486267,
        "narHash": "sha256-4d7vhG6dbrqjil43YpNy3wO/SIcN/XvNb6rvfJjZx6E=",
        "owner": "MoonshotAI",
        "repo": "kimi-code",
        "rev": "90879f37af2ddb941223d293a67615f8f557e3af",
        "type": "github"
      },
      "original": {
        "owner": "MoonshotAI",
        "repo": "kimi-code",
        "type": "github"
      }
    },
    "nixpkgs": {
      "locked": {
        "lastModified": 1780243769,
        "narHash": "sha256-x5UQuRsH3MqI0U9afaXSNqzTPSeZlRLvFAav2Ux1pNw=",
        "owner": "NixOS",
        "repo": "nixpkgs",
        "rev": "331800de5053fcebacf6813adb5db9c9dca22a0c",
        "type": "github"
      },
      "original": {
        "owner": "NixOS",
        "ref": "nixos-unstable",
        "repo": "nixpkgs",
        "type": "github"
      }
    },
    "nixpkgs-pycharm": {
      "locked": {
        "lastModified": 1773646010,
        "narHash": "sha256-iYrs97hS7p5u4lQzuNWzuALGIOdkPXvjz7bviiBjUu8=",
        "owner": "NixOS",
        "repo": "nixpkgs",
        "rev": "5b2c2d84341b2afb5647081c1386a80d7a8d8605",
        "type": "github"
      },
      "original": {
        "owner": "NixOS",
        "repo": "nixpkgs",
        "rev": "5b2c2d84341b2afb5647081c1386a80d7a8d8605",
        "type": "github"
      }
    },
    "nixpkgs-stable": {
      "locked": {
        "lastModified": 1767313136,
        "narHash": "sha256-16KkgfdYqjaeRGBaYsNrhPRRENs0qzkQVUooNHtoy2w=",
        "owner": "NixOS",
        "repo": "nixpkgs",
        "rev": "ac62194c3917d5f474c1a844b6fd6da2db95077d",
        "type": "github"
      },
      "original": {
        "owner": "NixOS",
        "ref": "nixos-25.05",
        "repo": "nixpkgs",
        "type": "github"
      }
    },
    "root": {
      "inputs": {
        "home-manager": "home-manager",
        "kimi-code": "kimi-code",
        "nixpkgs": "nixpkgs",
        "nixpkgs-pycharm": "nixpkgs-pycharm",
        "nixpkgs-stable": "nixpkgs-stable"
      }
    }
  },
  "root": "root",
  "version": 7
}
