{
  "nodes": {
    "home-manager": {
      "inputs": {
        "nixpkgs": [
          "nixpkgs"
        ]
      },
      "locked": {
        "lastModified": 1769978395,
        "narHash": "sha256-gj1yP3spUb1vGtaF5qPhshd2j0cg4xf51pklDsIm19Q=",
        "owner": "nix-community",
        "repo": "home-manager",
        "rev": "984708c34d3495a518e6ab6b8633469bbca2f77a",
        "type": "github"
      },
      "original": {
        "owner": "nix-community",
        "repo": "home-manager",
        "type": "github"
      }
    },
    "nixpkgs": {
      "locked": {
        "lastModified": 1770115704,
        "narHash": "sha256-KHFT9UWOF2yRPlAnSXQJh6uVcgNcWlFqqiAZ7OVlHNc=",
        "owner": "NixOS",
        "repo": "nixpkgs",
        "rev": "e6eae2ee2110f3d31110d5c222cd395303343b08",
        "type": "github"
      },
      "original": {
        "owner": "NixOS",
        "ref": "nixos-unstable",
        "repo": "nixpkgs",
        "type": "github"
      }
    },
    "nixpkgs-stable": {
      "locked": {
        "lastModified": 1767313136,
        "narHash": "sha256-16KkgfdYqjaeRGBaYsNrhPRRENs0qzkQVUooNHtoy2w=",
        "owner": "NixOS",
        "repo": "nixpkgs",
        "rev": "ac62194c3917d5f474c1a844b6fd6da2db95077d",
        "type": "github"
      },
      "original": {
        "owner": "NixOS",
        "ref": "nixos-25.05",
        "repo": "nixpkgs",
        "type": "github"
      }
    },
    "root": {
      "inputs": {
        "home-manager": "home-manager",
        "nixpkgs": "nixpkgs",
        "nixpkgs-stable": "nixpkgs-stable"
      }
    }
  },
  "root": "root",
  "version": 7
}
